
Microsoft Visual Studio Solution File, Format Version 12.00
# Visual Studio Version 17
VisualStudioVersion = 17.14.36429.23 d17.14
MinimumVisualStudioVersion = 10.0.40219.1
Project("{FAE04EC0-301F-11D3-BF4B-00C04F79EFBC}") = "mvc-apps", "mvc-apps\mvc-apps.csproj", "{C79AB6E7-AC8B-47DB-B627-F3218215674A}"
EndProject
Project("{2150E333-8FDC-42A3-9474-1A3956D46DE8}") = "Solution Items", "Solution Items", "{A74C7395-896D-48CD-87AC-DE85453091E9}"
	ProjectSection(SolutionItems) = preProject
		index.txt = index.txt
		windows-authentication.txt = windows-authentication.txt
	EndProjectSection
EndProject
Project("{FAE04EC0-301F-11D3-BF4B-00C04F79EFBC}") = "windows-authentication-examples", "windows-authentication-examples\windows-authentication-examples.csproj", "{A0AF8DC4-1D2A-4202-B488-EA496E2977CB}"
EndProject
Project("{2150E333-8FDC-42A3-9474-1A3956D46DE8}") = "Microservices", "Microservices", "{02EA681E-C7D8-13C7-8484-4AC65E1B71E8}"
EndProject
Project("{FAE04EC0-301F-11D3-BF4B-00C04F79EFBC}") = "MicroservicesWebApplication1", "MicroservicesWebApplication1\MicroservicesWebApplication1.csproj", "{A98BF325-D958-445B-8B9D-C70F9D3DB651}"
EndProject
Project("{FAE04EC0-301F-11D3-BF4B-00C04F79EFBC}") = "MicroservicesWebApplication2", "MicroservicesWebApplication2\MicroservicesWebApplication2.csproj", "{B810E441-9A6D-45C4-BF52-72D90C3610D1}"
EndProject
Project("{FAE04EC0-301F-11D3-BF4B-00C04F79EFBC}") = "AuthenticationWebApplication", "AuthenticationWebApplication\AuthenticationWebApplication.csproj", "{EC3ED982-92C5-484B-84B9-095F39099158}"
EndProject
Project("{2150E333-8FDC-42A3-9474-1A3956D46DE8}") = "manufacturing", "manufacturing", "{D9B24D38-506D-4CFC-B563-7F87DF680518}"
EndProject
Project("{2150E333-8FDC-42A3-9474-1A3956D46DE8}") = "microservices", "microservices", "{6C9AD839-3E3A-4EBB-85B7-7D0EBF9423E0}"
EndProject
Project("{2150E333-8FDC-42A3-9474-1A3956D46DE8}") = "web-apps", "web-apps", "{2F1B447B-6D99-4AB5-BFAC-016A2EE5CAE7}"
EndProject
Project("{2150E333-8FDC-42A3-9474-1A3956D46DE8}") = "api-gateway", "api-gateway", "{0E5CFD2F-F0A4-4B17-9B8E-6E4B7340C1FF}"
EndProject
Project("{FAE04EC0-301F-11D3-BF4B-00C04F79EFBC}") = "user-management-api", "user-management-api\user-management-api.csproj", "{71D077DD-0FCD-4EE8-8D89-DD25D60D101A}"
EndProject
Project("{FAE04EC0-301F-11D3-BF4B-00C04F79EFBC}") = "plant-modeling-api", "plant-modeling-api\plant-modeling-api.csproj", "{65CA505B-7D0C-4562-A9C1-035B382AE011}"
EndProject
Project("{2150E333-8FDC-42A3-9474-1A3956D46DE8}") = "common-apps", "common-apps", "{FAE61F54-E043-4FB4-BDAD-F575595EB87D}"
EndProject
Project("{FAE04EC0-301F-11D3-BF4B-00C04F79EFBC}") = "common-class-library-projects", "common-class-library-projects\common-class-library-projects.csproj", "{1F313E77-AFC8-4C5C-96BB-346ABAE06B0D}"
EndProject
Project("{FAE04EC0-301F-11D3-BF4B-00C04F79EFBC}") = "configuration-apps", "configuration-apps\configuration-apps.csproj", "{26CF9574-F5DA-4158-AC24-82DD2A56B118}"
EndProject
Project("{2150E333-8FDC-42A3-9474-1A3956D46DE8}") = "worker-services", "worker-services", "{870FC8D6-CF01-4D93-97E0-1A0B46373F11}"
EndProject
Project("{FAE04EC0-301F-11D3-BF4B-00C04F79EFBC}") = "opc-ua-worker-service", "opc-ua-worker-service\opc-ua-worker-service.csproj", "{1E85B019-A5E9-4CF1-BB41-6164AD85C338}"
EndProject
Project("{FAE04EC0-301F-11D3-BF4B-00C04F79EFBC}") = "WorkerServiceMicroservice", "WorkerServiceMicroservice\WorkerServiceMicroservice.csproj", "{77E3AC7C-EBB1-4AE9-99A4-8B76DF5ADD4F}"
EndProject
Project("{FAE04EC0-301F-11D3-BF4B-00C04F79EFBC}") = "OPCUA-Subscriptions", "OPCUA-Subscriptions\OPCUA-Subscriptions.csproj", "{9FDCF9BA-CBF7-4461-B89D-F6DE4EBCE072}"
EndProject
Project("{FAE04EC0-301F-11D3-BF4B-00C04F79EFBC}") = "Rabbitmq", "Rabbitmq\Rabbitmq.csproj", "{F1271359-798D-4311-8305-48A6DF18DAE6}"
EndProject
Project("{FAE04EC0-301F-11D3-BF4B-00C04F79EFBC}") = "OPCUA", "OPCUA\OPCUA.csproj", "{29CB3E57-0CF1-44EA-8593-54A306C15AA2}"
EndProject
Project("{FAE04EC0-301F-11D3-BF4B-00C04F79EFBC}") = "MicroSignalRHubs", "MicroSignalRHubs\MicroSignalRHubs.csproj", "{CCACEEBD-3727-43EE-B2EB-142C61CC638C}"
EndProject
Global
	GlobalSection(SolutionConfigurationPlatforms) = preSolution
		Debug|Any CPU = Debug|Any CPU
		Release|Any CPU = Release|Any CPU
	EndGlobalSection
	GlobalSection(ProjectConfigurationPlatforms) = postSolution
		{C79AB6E7-AC8B-47DB-B627-F3218215674A}.Debug|Any CPU.ActiveCfg = Debug|Any CPU
		{C79AB6E7-AC8B-47DB-B627-F3218215674A}.Debug|Any CPU.Build.0 = Debug|Any CPU
		{C79AB6E7-AC8B-47DB-B627-F3218215674A}.Release|Any CPU.ActiveCfg = Release|Any CPU
		{C79AB6E7-AC8B-47DB-B627-F3218215674A}.Release|Any CPU.Build.0 = Release|Any CPU
		{A0AF8DC4-1D2A-4202-B488-EA496E2977CB}.Debug|Any CPU.ActiveCfg = Debug|Any CPU
		{A0AF8DC4-1D2A-4202-B488-EA496E2977CB}.Debug|Any CPU.Build.0 = Debug|Any CPU
		{A0AF8DC4-1D2A-4202-B488-EA496E2977CB}.Release|Any CPU.ActiveCfg = Release|Any CPU
		{A0AF8DC4-1D2A-4202-B488-EA496E2977CB}.Release|Any CPU.Build.0 = Release|Any CPU
		{A98BF325-D958-445B-8B9D-C70F9D3DB651}.Debug|Any CPU.ActiveCfg = Debug|Any CPU
		{A98BF325-D958-445B-8B9D-C70F9D3DB651}.Debug|Any CPU.Build.0 = Debug|Any CPU
		{A98BF325-D958-445B-8B9D-C70F9D3DB651}.Release|Any CPU.ActiveCfg = Release|Any CPU
		{A98BF325-D958-445B-8B9D-C70F9D3DB651}.Release|Any CPU.Build.0 = Release|Any CPU
		{B810E441-9A6D-45C4-BF52-72D90C3610D1}.Debug|Any CPU.ActiveCfg = Debug|Any CPU
		{B810E441-9A6D-45C4-BF52-72D90C3610D1}.Debug|Any CPU.Build.0 = Debug|Any CPU
		{B810E441-9A6D-45C4-BF52-72D90C3610D1}.Release|Any CPU.ActiveCfg = Release|Any CPU
		{B810E441-9A6D-45C4-BF52-72D90C3610D1}.Release|Any CPU.Build.0 = Release|Any CPU
		{EC3ED982-92C5-484B-84B9-095F39099158}.Debug|Any CPU.ActiveCfg = Debug|Any CPU
		{EC3ED982-92C5-484B-84B9-095F39099158}.Debug|Any CPU.Build.0 = Debug|Any CPU
		{EC3ED982-92C5-484B-84B9-095F39099158}.Release|Any CPU.ActiveCfg = Release|Any CPU
		{EC3ED982-92C5-484B-84B9-095F39099158}.Release|Any CPU.Build.0 = Release|Any CPU
		{71D077DD-0FCD-4EE8-8D89-DD25D60D101A}.Debug|Any CPU.ActiveCfg = Debug|Any CPU
		{71D077DD-0FCD-4EE8-8D89-DD25D60D101A}.Debug|Any CPU.Build.0 = Debug|Any CPU
		{71D077DD-0FCD-4EE8-8D89-DD25D60D101A}.Release|Any CPU.ActiveCfg = Release|Any CPU
		{71D077DD-0FCD-4EE8-8D89-DD25D60D101A}.Release|Any CPU.Build.0 = Release|Any CPU
		{65CA505B-7D0C-4562-A9C1-035B382AE011}.Debug|Any CPU.ActiveCfg = Debug|Any CPU
		{65CA505B-7D0C-4562-A9C1-035B382AE011}.Debug|Any CPU.Build.0 = Debug|Any CPU
		{65CA505B-7D0C-4562-A9C1-035B382AE011}.Release|Any CPU.ActiveCfg = Release|Any CPU
		{65CA505B-7D0C-4562-A9C1-035B382AE011}.Release|Any CPU.Build.0 = Release|Any CPU
		{1F313E77-AFC8-4C5C-96BB-346ABAE06B0D}.Debug|Any CPU.ActiveCfg = Debug|Any CPU
		{1F313E77-AFC8-4C5C-96BB-346ABAE06B0D}.Debug|Any CPU.Build.0 = Debug|Any CPU
		{1F313E77-AFC8-4C5C-96BB-346ABAE06B0D}.Release|Any CPU.ActiveCfg = Release|Any CPU
		{1F313E77-AFC8-4C5C-96BB-346ABAE06B0D}.Release|Any CPU.Build.0 = Release|Any CPU
		{26CF9574-F5DA-4158-AC24-82DD2A56B118}.Debug|Any CPU.ActiveCfg = Debug|Any CPU
		{26CF9574-F5DA-4158-AC24-82DD2A56B118}.Debug|Any CPU.Build.0 = Debug|Any CPU
		{26CF9574-F5DA-4158-AC24-82DD2A56B118}.Release|Any CPU.ActiveCfg = Release|Any CPU
		{26CF9574-F5DA-4158-AC24-82DD2A56B118}.Release|Any CPU.Build.0 = Release|Any CPU
		{1E85B019-A5E9-4CF1-BB41-6164AD85C338}.Debug|Any CPU.ActiveCfg = Debug|Any CPU
		{1E85B019-A5E9-4CF1-BB41-6164AD85C338}.Debug|Any CPU.Build.0 = Debug|Any CPU
		{1E85B019-A5E9-4CF1-BB41-6164AD85C338}.Release|Any CPU.ActiveCfg = Release|Any CPU
		{1E85B019-A5E9-4CF1-BB41-6164AD85C338}.Release|Any CPU.Build.0 = Release|Any CPU
		{77E3AC7C-EBB1-4AE9-99A4-8B76DF5ADD4F}.Debug|Any CPU.ActiveCfg = Debug|Any CPU
		{77E3AC7C-EBB1-4AE9-99A4-8B76DF5ADD4F}.Debug|Any CPU.Build.0 = Debug|Any CPU
		{77E3AC7C-EBB1-4AE9-99A4-8B76DF5ADD4F}.Release|Any CPU.ActiveCfg = Release|Any CPU
		{77E3AC7C-EBB1-4AE9-99A4-8B76DF5ADD4F}.Release|Any CPU.Build.0 = Release|Any CPU
		{9FDCF9BA-CBF7-4461-B89D-F6DE4EBCE072}.Debug|Any CPU.ActiveCfg = Debug|Any CPU
		{9FDCF9BA-CBF7-4461-B89D-F6DE4EBCE072}.Debug|Any CPU.Build.0 = Debug|Any CPU
		{9FDCF9BA-CBF7-4461-B89D-F6DE4EBCE072}.Release|Any CPU.ActiveCfg = Release|Any CPU
		{9FDCF9BA-CBF7-4461-B89D-F6DE4EBCE072}.Release|Any CPU.Build.0 = Release|Any CPU
		{F1271359-798D-4311-8305-48A6DF18DAE6}.Debug|Any CPU.ActiveCfg = Debug|Any CPU
		{F1271359-798D-4311-8305-48A6DF18DAE6}.Debug|Any CPU.Build.0 = Debug|Any CPU
		{F1271359-798D-4311-8305-48A6DF18DAE6}.Release|Any CPU.ActiveCfg = Release|Any CPU
		{F1271359-798D-4311-8305-48A6DF18DAE6}.Release|Any CPU.Build.0 = Release|Any CPU
		{29CB3E57-0CF1-44EA-8593-54A306C15AA2}.Debug|Any CPU.ActiveCfg = Debug|Any CPU
		{29CB3E57-0CF1-44EA-8593-54A306C15AA2}.Debug|Any CPU.Build.0 = Debug|Any CPU
		{29CB3E57-0CF1-44EA-8593-54A306C15AA2}.Release|Any CPU.ActiveCfg = Release|Any CPU
		{29CB3E57-0CF1-44EA-8593-54A306C15AA2}.Release|Any CPU.Build.0 = Release|Any CPU
		{CCACEEBD-3727-43EE-B2EB-142C61CC638C}.Debug|Any CPU.ActiveCfg = Debug|Any CPU
		{CCACEEBD-3727-43EE-B2EB-142C61CC638C}.Debug|Any CPU.Build.0 = Debug|Any CPU
		{CCACEEBD-3727-43EE-B2EB-142C61CC638C}.Release|Any CPU.ActiveCfg = Release|Any CPU
		{CCACEEBD-3727-43EE-B2EB-142C61CC638C}.Release|Any CPU.Build.0 = Release|Any CPU
	EndGlobalSection
	GlobalSection(SolutionProperties) = preSolution
		HideSolutionNode = FALSE
	EndGlobalSection
	GlobalSection(NestedProjects) = preSolution
		{A98BF325-D958-445B-8B9D-C70F9D3DB651} = {02EA681E-C7D8-13C7-8484-4AC65E1B71E8}
		{B810E441-9A6D-45C4-BF52-72D90C3610D1} = {02EA681E-C7D8-13C7-8484-4AC65E1B71E8}
		{EC3ED982-92C5-484B-84B9-095F39099158} = {02EA681E-C7D8-13C7-8484-4AC65E1B71E8}
		{6C9AD839-3E3A-4EBB-85B7-7D0EBF9423E0} = {D9B24D38-506D-4CFC-B563-7F87DF680518}
		{2F1B447B-6D99-4AB5-BFAC-016A2EE5CAE7} = {D9B24D38-506D-4CFC-B563-7F87DF680518}
		{0E5CFD2F-F0A4-4B17-9B8E-6E4B7340C1FF} = {D9B24D38-506D-4CFC-B563-7F87DF680518}
		{71D077DD-0FCD-4EE8-8D89-DD25D60D101A} = {6C9AD839-3E3A-4EBB-85B7-7D0EBF9423E0}
		{65CA505B-7D0C-4562-A9C1-035B382AE011} = {6C9AD839-3E3A-4EBB-85B7-7D0EBF9423E0}
		{FAE61F54-E043-4FB4-BDAD-F575595EB87D} = {D9B24D38-506D-4CFC-B563-7F87DF680518}
		{1F313E77-AFC8-4C5C-96BB-346ABAE06B0D} = {FAE61F54-E043-4FB4-BDAD-F575595EB87D}
		{26CF9574-F5DA-4158-AC24-82DD2A56B118} = {2F1B447B-6D99-4AB5-BFAC-016A2EE5CAE7}
		{1E85B019-A5E9-4CF1-BB41-6164AD85C338} = {870FC8D6-CF01-4D93-97E0-1A0B46373F11}
		{77E3AC7C-EBB1-4AE9-99A4-8B76DF5ADD4F} = {02EA681E-C7D8-13C7-8484-4AC65E1B71E8}
		{9FDCF9BA-CBF7-4461-B89D-F6DE4EBCE072} = {02EA681E-C7D8-13C7-8484-4AC65E1B71E8}
		{F1271359-798D-4311-8305-48A6DF18DAE6} = {02EA681E-C7D8-13C7-8484-4AC65E1B71E8}
		{29CB3E57-0CF1-44EA-8593-54A306C15AA2} = {02EA681E-C7D8-13C7-8484-4AC65E1B71E8}
		{CCACEEBD-3727-43EE-B2EB-142C61CC638C} = {02EA681E-C7D8-13C7-8484-4AC65E1B71E8}
	EndGlobalSection
	GlobalSection(ExtensibilityGlobals) = postSolution
		SolutionGuid = {B7B1A6C1-82D8-42E8-A586-E9F3F60A84F6}
	EndGlobalSection
EndGlobal
